{
  "name": "ts-type-level-scheme",
  "version": "0.0.4",
  "lockfileVersion": 3,
  "requires": true,
  "packages": {
    "": {
      "name": "ts-type-level-scheme",
      "version": "0.0.4",
      "license": "MIT",
      "devDependencies": {
        "conditional-type-checks": "1.0.6",
        "typescript": "5.3.3"
      },
      "engines": {
        "node": "20.10.0",
        "npm": "10.2.3"
      }
    },
    "node_modules/conditional-type-checks": {
      "version": "1.0.6",
      "resolved": "https://registry.npmjs.org/conditional-type-checks/-/conditional-type-checks-1.0.6.tgz",
      "integrity": "sha512-3vyi+yNcmKq+xl1sTX7Ta+4pUvjusMYbC6FSbrS6YJV8TI51wiRn24u4bfdFVhDKKH5GtpKQzxW7bqXbPWllgQ==",
      "dev": true
    },
    "node_modules/typescript": {
      "version": "5.3.3",
      "resolved": "https://registry.npmjs.org/typescript/-/typescript-5.3.3.tgz",
      "integrity": "sha512-pXWcraxM0uxAS+tN0AG/BF2TyqmHO014Z070UsJ+pFvYuRSq8KH8DmWpnbXe0pEPDHXZV3FcAbJkijJ5oNEnWw==",
      "dev": true,
      "bin": {
        "tsc": "bin/tsc",
        "tsserver": "bin/tsserver"
      },
      "engines": {
        "node": ">=14.17"
      }
    }
  }
}
